
Microsoft Visual Studio Solution File, Format Version 12.00
# Visual Studio Version 16
VisualStudioVersion = 16.0.31112.23
MinimumVisualStudioVersion = 10.0.40219.1
Project("{9A19103F-16F7-4668-BE54-9A1E7A4F7556}") = "WpfIntro", "WpfIntro\WpfIntro.csproj", "{7CC7C6B0-89A4-4F25-920C-FD1E8AFEFEC9}"
EndProject
Project("{9A19103F-16F7-4668-BE54-9A1E7A4F7556}") = "WpfIntro.Models", "WpfIntro.Models\WpfIntro.Models.csproj", "{C507FB88-A3BB-4C18-B661-7753C447D613}"
EndProject
Project("{9A19103F-16F7-4668-BE54-9A1E7A4F7556}") = "WpfIntro.BusinessLayer", "WpfIntro.BusinessLayer\WpfIntro.BusinessLayer.csproj", "{A94FDDE2-F8A9-46E6-8493-9E6CBA9D87E7}"
EndProject
Project("{9A19103F-16F7-4668-BE54-9A1E7A4F7556}") = "WpfIntro.DataAccessLayer", "WpfIntro.DataAccessLayer\WpfIntro.DataAccessLayer.csproj", "{6488B26F-502E-445A-A9DE-1FEA04E9DB2F}"
EndProject
Project("{9A19103F-16F7-4668-BE54-9A1E7A4F7556}") = "WpfIntro.DataAccessLayer.PostgressSqlServer", "WpfIntro.DataAccessLayer.PostgressSqlServer\WpfIntro.DataAccessLayer.PostgressSqlServer.csproj", "{47303D57-F474-437D-85F4-BA9C78C4EDFB}"
EndProject
Project("{9A19103F-16F7-4668-BE54-9A1E7A4F7556}") = "WpfIntro.Test", "WpfIntro.Test\WpfIntro.Test.csproj", "{504E3C11-5E57-4D7C-B674-BCF6F0193E17}"
EndProject
Project("{C7167F0D-BC9F-4E6E-AFE1-012C56B48DB5}") = "WpfIntro.WAP", "WpfIntro.WAP\WpfIntro.WAP.wapproj", "{8C01D28C-62CC-4F75-A145-3929CF4388E2}"
EndProject
Global
	GlobalSection(SolutionConfigurationPlatforms) = preSolution
		Debug|Any CPU = Debug|Any CPU
		Debug|ARM = Debug|ARM
		Debug|ARM64 = Debug|ARM64
		Debug|x64 = Debug|x64
		Debug|x86 = Debug|x86
		Release|Any CPU = Release|Any CPU
		Release|ARM = Release|ARM
		Release|ARM64 = Release|ARM64
		Release|x64 = Release|x64
		Release|x86 = Release|x86
	EndGlobalSection
	GlobalSection(ProjectConfigurationPlatforms) = postSolution
		{7CC7C6B0-89A4-4F25-920C-FD1E8AFEFEC9}.Debug|Any CPU.ActiveCfg = Debug|Any CPU
		{7CC7C6B0-89A4-4F25-920C-FD1E8AFEFEC9}.Debug|Any CPU.Build.0 = Debug|Any CPU
		{7CC7C6B0-89A4-4F25-920C-FD1E8AFEFEC9}.Debug|ARM.ActiveCfg = Debug|Any CPU
		{7CC7C6B0-89A4-4F25-920C-FD1E8AFEFEC9}.Debug|ARM.Build.0 = Debug|Any CPU
		{7CC7C6B0-89A4-4F25-920C-FD1E8AFEFEC9}.Debug|ARM64.ActiveCfg = Debug|Any CPU
		{7CC7C6B0-89A4-4F25-920C-FD1E8AFEFEC9}.Debug|ARM64.Build.0 = Debug|Any CPU
		{7CC7C6B0-89A4-4F25-920C-FD1E8AFEFEC9}.Debug|x64.ActiveCfg = Debug|Any CPU
		{7CC7C6B0-89A4-4F25-920C-FD1E8AFEFEC9}.Debug|x64.Build.0 = Debug|Any CPU
		{7CC7C6B0-89A4-4F25-920C-FD1E8AFEFEC9}.Debug|x86.ActiveCfg = Debug|Any CPU
		{7CC7C6B0-89A4-4F25-920C-FD1E8AFEFEC9}.Debug|x86.Build.0 = Debug|Any CPU
		{7CC7C6B0-89A4-4F25-920C-FD1E8AFEFEC9}.Release|Any CPU.ActiveCfg = Release|Any CPU
		{7CC7C6B0-89A4-4F25-920C-FD1E8AFEFEC9}.Release|Any CPU.Build.0 = Release|Any CPU
		{7CC7C6B0-89A4-4F25-920C-FD1E8AFEFEC9}.Release|ARM.ActiveCfg = Release|Any CPU
		{7CC7C6B0-89A4-4F25-920C-FD1E8AFEFEC9}.Release|ARM.Build.0 = Release|Any CPU
		{7CC7C6B0-89A4-4F25-920C-FD1E8AFEFEC9}.Release|ARM64.ActiveCfg = Release|Any CPU
		{7CC7C6B0-89A4-4F25-920C-FD1E8AFEFEC9}.Release|ARM64.Build.0 = Release|Any CPU
		{7CC7C6B0-89A4-4F25-920C-FD1E8AFEFEC9}.Release|x64.ActiveCfg = Release|Any CPU
		{7CC7C6B0-89A4-4F25-920C-FD1E8AFEFEC9}.Release|x64.Build.0 = Release|Any CPU
		{7CC7C6B0-89A4-4F25-920C-FD1E8AFEFEC9}.Release|x86.ActiveCfg = Release|Any CPU
		{7CC7C6B0-89A4-4F25-920C-FD1E8AFEFEC9}.Release|x86.Build.0 = Release|Any CPU
		{C507FB88-A3BB-4C18-B661-7753C447D613}.Debug|Any CPU.ActiveCfg = Debug|Any CPU
		{C507FB88-A3BB-4C18-B661-7753C447D613}.Debug|Any CPU.Build.0 = Debug|Any CPU
		{C507FB88-A3BB-4C18-B661-7753C447D613}.Debug|ARM.ActiveCfg = Debug|Any CPU
		{C507FB88-A3BB-4C18-B661-7753C447D613}.Debug|ARM.Build.0 = Debug|Any CPU
		{C507FB88-A3BB-4C18-B661-7753C447D613}.Debug|ARM64.ActiveCfg = Debug|Any CPU
		{C507FB88-A3BB-4C18-B661-7753C447D613}.Debug|ARM64.Build.0 = Debug|Any CPU
		{C507FB88-A3BB-4C18-B661-7753C447D613}.Debug|x64.ActiveCfg = Debug|Any CPU
		{C507FB88-A3BB-4C18-B661-7753C447D613}.Debug|x64.Build.0 = Debug|Any CPU
		{C507FB88-A3BB-4C18-B661-7753C447D613}.Debug|x86.ActiveCfg = Debug|Any CPU
		{C507FB88-A3BB-4C18-B661-7753C447D613}.Debug|x86.Build.0 = Debug|Any CPU
		{C507FB88-A3BB-4C18-B661-7753C447D613}.Release|Any CPU.ActiveCfg = Release|Any CPU
		{C507FB88-A3BB-4C18-B661-7753C447D613}.Release|Any CPU.Build.0 = Release|Any CPU
		{C507FB88-A3BB-4C18-B661-7753C447D613}.Release|ARM.ActiveCfg = Release|Any CPU
		{C507FB88-A3BB-4C18-B661-7753C447D613}.Release|ARM.Build.0 = Release|Any CPU
		{C507FB88-A3BB-4C18-B661-7753C447D613}.Release|ARM64.ActiveCfg = Release|Any CPU
		{C507FB88-A3BB-4C18-B661-7753C447D613}.Release|ARM64.Build.0 = Release|Any CPU
		{C507FB88-A3BB-4C18-B661-7753C447D613}.Release|x64.ActiveCfg = Release|Any CPU
		{C507FB88-A3BB-4C18-B661-7753C447D613}.Release|x64.Build.0 = Release|Any CPU
		{C507FB88-A3BB-4C18-B661-7753C447D613}.Release|x86.ActiveCfg = Release|Any CPU
		{C507FB88-A3BB-4C18-B661-7753C447D613}.Release|x86.Build.0 = Release|Any CPU
		{A94FDDE2-F8A9-46E6-8493-9E6CBA9D87E7}.Debug|Any CPU.ActiveCfg = Debug|Any CPU
		{A94FDDE2-F8A9-46E6-8493-9E6CBA9D87E7}.Debug|Any CPU.Build.0 = Debug|Any CPU
		{A94FDDE2-F8A9-46E6-8493-9E6CBA9D87E7}.Debug|ARM.ActiveCfg = Debug|Any CPU
		{A94FDDE2-F8A9-46E6-8493-9E6CBA9D87E7}.Debug|ARM.Build.0 = Debug|Any CPU
		{A94FDDE2-F8A9-46E6-8493-9E6CBA9D87E7}.Debug|ARM64.ActiveCfg = Debug|Any CPU
		{A94FDDE2-F8A9-46E6-8493-9E6CBA9D87E7}.Debug|ARM64.Build.0 = Debug|Any CPU
		{A94FDDE2-F8A9-46E6-8493-9E6CBA9D87E7}.Debug|x64.ActiveCfg = Debug|Any CPU
		{A94FDDE2-F8A9-46E6-8493-9E6CBA9D87E7}.Debug|x64.Build.0 = Debug|Any CPU
		{A94FDDE2-F8A9-46E6-8493-9E6CBA9D87E7}.Debug|x86.ActiveCfg = Debug|Any CPU
		{A94FDDE2-F8A9-46E6-8493-9E6CBA9D87E7}.Debug|x86.Build.0 = Debug|Any CPU
		{A94FDDE2-F8A9-46E6-8493-9E6CBA9D87E7}.Release|Any CPU.ActiveCfg = Release|Any CPU
		{A94FDDE2-F8A9-46E6-8493-9E6CBA9D87E7}.Release|Any CPU.Build.0 = Release|Any CPU
		{A94FDDE2-F8A9-46E6-8493-9E6CBA9D87E7}.Release|ARM.ActiveCfg = Release|Any CPU
		{A94FDDE2-F8A9-46E6-8493-9E6CBA9D87E7}.Release|ARM.Build.0 = Release|Any CPU
		{A94FDDE2-F8A9-46E6-8493-9E6CBA9D87E7}.Release|ARM64.ActiveCfg = Release|Any CPU
		{A94FDDE2-F8A9-46E6-8493-9E6CBA9D87E7}.Release|ARM64.Build.0 = Release|Any CPU
		{A94FDDE2-F8A9-46E6-8493-9E6CBA9D87E7}.Release|x64.ActiveCfg = Release|Any CPU
		{A94FDDE2-F8A9-46E6-8493-9E6CBA9D87E7}.Release|x64.Build.0 = Release|Any CPU
		{A94FDDE2-F8A9-46E6-8493-9E6CBA9D87E7}.Release|x86.ActiveCfg = Release|Any CPU
		{A94FDDE2-F8A9-46E6-8493-9E6CBA9D87E7}.Release|x86.Build.0 = Release|Any CPU
		{6488B26F-502E-445A-A9DE-1FEA04E9DB2F}.Debug|Any CPU.ActiveCfg = Debug|Any CPU
		{6488B26F-502E-445A-A9DE-1FEA04E9DB2F}.Debug|Any CPU.Build.0 = Debug|Any CPU
		{6488B26F-502E-445A-A9DE-1FEA04E9DB2F}.Debug|ARM.ActiveCfg = Debug|Any CPU
		{6488B26F-502E-445A-A9DE-1FEA04E9DB2F}.Debug|ARM.Build.0 = Debug|Any CPU
		{6488B26F-502E-445A-A9DE-1FEA04E9DB2F}.Debug|ARM64.ActiveCfg = Debug|Any CPU
		{6488B26F-502E-445A-A9DE-1FEA04E9DB2F}.Debug|ARM64.Build.0 = Debug|Any CPU
		{6488B26F-502E-445A-A9DE-1FEA04E9DB2F}.Debug|x64.ActiveCfg = Debug|Any CPU
		{6488B26F-502E-445A-A9DE-1FEA04E9DB2F}.Debug|x64.Build.0 = Debug|Any CPU
		{6488B26F-502E-445A-A9DE-1FEA04E9DB2F}.Debug|x86.ActiveCfg = Debug|Any CPU
		{6488B26F-502E-445A-A9DE-1FEA04E9DB2F}.Debug|x86.Build.0 = Debug|Any CPU
		{6488B26F-502E-445A-A9DE-1FEA04E9DB2F}.Release|Any CPU.ActiveCfg = Release|Any CPU
		{6488B26F-502E-445A-A9DE-1FEA04E9DB2F}.Release|Any CPU.Build.0 = Release|Any CPU
		{6488B26F-502E-445A-A9DE-1FEA04E9DB2F}.Release|ARM.ActiveCfg = Release|Any CPU
		{6488B26F-502E-445A-A9DE-1FEA04E9DB2F}.Release|ARM.Build.0 = Release|Any CPU
		{6488B26F-502E-445A-A9DE-1FEA04E9DB2F}.Release|ARM64.ActiveCfg = Release|Any CPU
		{6488B26F-502E-445A-A9DE-1FEA04E9DB2F}.Release|ARM64.Build.0 = Release|Any CPU
		{6488B26F-502E-445A-A9DE-1FEA04E9DB2F}.Release|x64.ActiveCfg = Release|Any CPU
		{6488B26F-502E-445A-A9DE-1FEA04E9DB2F}.Release|x64.Build.0 = Release|Any CPU
		{6488B26F-502E-445A-A9DE-1FEA04E9DB2F}.Release|x86.ActiveCfg = Release|Any CPU
		{6488B26F-502E-445A-A9DE-1FEA04E9DB2F}.Release|x86.Build.0 = Release|Any CPU
		{47303D57-F474-437D-85F4-BA9C78C4EDFB}.Debug|Any CPU.ActiveCfg = Debug|Any CPU
		{47303D57-F474-437D-85F4-BA9C78C4EDFB}.Debug|Any CPU.Build.0 = Debug|Any CPU
		{47303D57-F474-437D-85F4-BA9C78C4EDFB}.Debug|ARM.ActiveCfg = Debug|Any CPU
		{47303D57-F474-437D-85F4-BA9C78C4EDFB}.Debug|ARM.Build.0 = Debug|Any CPU
		{47303D57-F474-437D-85F4-BA9C78C4EDFB}.Debug|ARM64.ActiveCfg = Debug|Any CPU
		{47303D57-F474-437D-85F4-BA9C78C4EDFB}.Debug|ARM64.Build.0 = Debug|Any CPU
		{47303D57-F474-437D-85F4-BA9C78C4EDFB}.Debug|x64.ActiveCfg = Debug|Any CPU
		{47303D57-F474-437D-85F4-BA9C78C4EDFB}.Debug|x64.Build.0 = Debug|Any CPU
		{47303D57-F474-437D-85F4-BA9C78C4EDFB}.Debug|x86.ActiveCfg = Debug|Any CPU
		{47303D57-F474-437D-85F4-BA9C78C4EDFB}.Debug|x86.Build.0 = Debug|Any CPU
		{47303D57-F474-437D-85F4-BA9C78C4EDFB}.Release|Any CPU.ActiveCfg = Release|Any CPU
		{47303D57-F474-437D-85F4-BA9C78C4EDFB}.Release|Any CPU.Build.0 = Release|Any CPU
		{47303D57-F474-437D-85F4-BA9C78C4EDFB}.Release|ARM.ActiveCfg = Release|Any CPU
		{47303D57-F474-437D-85F4-BA9C78C4EDFB}.Release|ARM.Build.0 = Release|Any CPU
		{47303D57-F474-437D-85F4-BA9C78C4EDFB}.Release|ARM64.ActiveCfg = Release|Any CPU
		{47303D57-F474-437D-85F4-BA9C78C4EDFB}.Release|ARM64.Build.0 = Release|Any CPU
		{47303D57-F474-437D-85F4-BA9C78C4EDFB}.Release|x64.ActiveCfg = Release|Any CPU
		{47303D57-F474-437D-85F4-BA9C78C4EDFB}.Release|x64.Build.0 = Release|Any CPU
		{47303D57-F474-437D-85F4-BA9C78C4EDFB}.Release|x86.ActiveCfg = Release|Any CPU
		{47303D57-F474-437D-85F4-BA9C78C4EDFB}.Release|x86.Build.0 = Release|Any CPU
		{504E3C11-5E57-4D7C-B674-BCF6F0193E17}.Debug|Any CPU.ActiveCfg = Debug|Any CPU
		{504E3C11-5E57-4D7C-B674-BCF6F0193E17}.Debug|Any CPU.Build.0 = Debug|Any CPU
		{504E3C11-5E57-4D7C-B674-BCF6F0193E17}.Debug|ARM.ActiveCfg = Debug|Any CPU
		{504E3C11-5E57-4D7C-B674-BCF6F0193E17}.Debug|ARM.Build.0 = Debug|Any CPU
		{504E3C11-5E57-4D7C-B674-BCF6F0193E17}.Debug|ARM64.ActiveCfg = Debug|Any CPU
		{504E3C11-5E57-4D7C-B674-BCF6F0193E17}.Debug|ARM64.Build.0 = Debug|Any CPU
		{504E3C11-5E57-4D7C-B674-BCF6F0193E17}.Debug|x64.ActiveCfg = Debug|Any CPU
		{504E3C11-5E57-4D7C-B674-BCF6F0193E17}.Debug|x64.Build.0 = Debug|Any CPU
		{504E3C11-5E57-4D7C-B674-BCF6F0193E17}.Debug|x86.ActiveCfg = Debug|Any CPU
		{504E3C11-5E57-4D7C-B674-BCF6F0193E17}.Debug|x86.Build.0 = Debug|Any CPU
		{504E3C11-5E57-4D7C-B674-BCF6F0193E17}.Release|Any CPU.ActiveCfg = Release|Any CPU
		{504E3C11-5E57-4D7C-B674-BCF6F0193E17}.Release|Any CPU.Build.0 = Release|Any CPU
		{504E3C11-5E57-4D7C-B674-BCF6F0193E17}.Release|ARM.ActiveCfg = Release|Any CPU
		{504E3C11-5E57-4D7C-B674-BCF6F0193E17}.Release|ARM.Build.0 = Release|Any CPU
		{504E3C11-5E57-4D7C-B674-BCF6F0193E17}.Release|ARM64.ActiveCfg = Release|Any CPU
		{504E3C11-5E57-4D7C-B674-BCF6F0193E17}.Release|ARM64.Build.0 = Release|Any CPU
		{504E3C11-5E57-4D7C-B674-BCF6F0193E17}.Release|x64.ActiveCfg = Release|Any CPU
		{504E3C11-5E57-4D7C-B674-BCF6F0193E17}.Release|x64.Build.0 = Release|Any CPU
		{504E3C11-5E57-4D7C-B674-BCF6F0193E17}.Release|x86.ActiveCfg = Release|Any CPU
		{504E3C11-5E57-4D7C-B674-BCF6F0193E17}.Release|x86.Build.0 = Release|Any CPU
		{8C01D28C-62CC-4F75-A145-3929CF4388E2}.Debug|Any CPU.ActiveCfg = Debug|Any CPU
		{8C01D28C-62CC-4F75-A145-3929CF4388E2}.Debug|Any CPU.Build.0 = Debug|Any CPU
		{8C01D28C-62CC-4F75-A145-3929CF4388E2}.Debug|Any CPU.Deploy.0 = Debug|Any CPU
		{8C01D28C-62CC-4F75-A145-3929CF4388E2}.Debug|ARM.ActiveCfg = Debug|ARM
		{8C01D28C-62CC-4F75-A145-3929CF4388E2}.Debug|ARM.Build.0 = Debug|ARM
		{8C01D28C-62CC-4F75-A145-3929CF4388E2}.Debug|ARM.Deploy.0 = Debug|ARM
		{8C01D28C-62CC-4F75-A145-3929CF4388E2}.Debug|ARM64.ActiveCfg = Debug|ARM64
		{8C01D28C-62CC-4F75-A145-3929CF4388E2}.Debug|ARM64.Build.0 = Debug|ARM64
		{8C01D28C-62CC-4F75-A145-3929CF4388E2}.Debug|ARM64.Deploy.0 = Debug|ARM64
		{8C01D28C-62CC-4F75-A145-3929CF4388E2}.Debug|x64.ActiveCfg = Debug|x64
		{8C01D28C-62CC-4F75-A145-3929CF4388E2}.Debug|x64.Build.0 = Debug|x64
		{8C01D28C-62CC-4F75-A145-3929CF4388E2}.Debug|x64.Deploy.0 = Debug|x64
		{8C01D28C-62CC-4F75-A145-3929CF4388E2}.Debug|x86.ActiveCfg = Debug|x86
		{8C01D28C-62CC-4F75-A145-3929CF4388E2}.Debug|x86.Build.0 = Debug|x86
		{8C01D28C-62CC-4F75-A145-3929CF4388E2}.Debug|x86.Deploy.0 = Debug|x86
		{8C01D28C-62CC-4F75-A145-3929CF4388E2}.Release|Any CPU.ActiveCfg = Release|Any CPU
		{8C01D28C-62CC-4F75-A145-3929CF4388E2}.Release|Any CPU.Build.0 = Release|Any CPU
		{8C01D28C-62CC-4F75-A145-3929CF4388E2}.Release|Any CPU.Deploy.0 = Release|Any CPU
		{8C01D28C-62CC-4F75-A145-3929CF4388E2}.Release|ARM.ActiveCfg = Release|ARM
		{8C01D28C-62CC-4F75-A145-3929CF4388E2}.Release|ARM.Build.0 = Release|ARM
		{8C01D28C-62CC-4F75-A145-3929CF4388E2}.Release|ARM.Deploy.0 = Release|ARM
		{8C01D28C-62CC-4F75-A145-3929CF4388E2}.Release|ARM64.ActiveCfg = Release|ARM64
		{8C01D28C-62CC-4F75-A145-3929CF4388E2}.Release|ARM64.Build.0 = Release|ARM64
		{8C01D28C-62CC-4F75-A145-3929CF4388E2}.Release|ARM64.Deploy.0 = Release|ARM64
		{8C01D28C-62CC-4F75-A145-3929CF4388E2}.Release|x64.ActiveCfg = Release|x64
		{8C01D28C-62CC-4F75-A145-3929CF4388E2}.Release|x64.Build.0 = Release|x64
		{8C01D28C-62CC-4F75-A145-3929CF4388E2}.Release|x64.Deploy.0 = Release|x64
		{8C01D28C-62CC-4F75-A145-3929CF4388E2}.Release|x86.ActiveCfg = Release|x86
		{8C01D28C-62CC-4F75-A145-3929CF4388E2}.Release|x86.Build.0 = Release|x86
		{8C01D28C-62CC-4F75-A145-3929CF4388E2}.Release|x86.Deploy.0 = Release|x86
	EndGlobalSection
	GlobalSection(SolutionProperties) = preSolution
		HideSolutionNode = FALSE
	EndGlobalSection
	GlobalSection(ExtensibilityGlobals) = postSolution
		SolutionGuid = {C6DD5AE3-C0AF-42F6-A5E2-70EF92F20567}
	EndGlobalSection
EndGlobal
